
Microsoft Visual Studio Solution File, Format Version 12.00
# Visual Studio 2012
Project("{FAE04EC0-301F-11D3-BF4B-00C04F79EFBC}") = "ScaryStories.Visual", "ScaryStories.Visual\ScaryStories.Visual.csproj", "{AE451BB1-E2B8-40C5-A693-58EAFE79F5D5}"
EndProject
Project("{FAE04EC0-301F-11D3-BF4B-00C04F79EFBC}") = "ScaryStories.Entities", "ScaryStories.Entities\ScaryStories.Entities.csproj", "{42F15866-4159-47A6-9B37-BB9076CE46E9}"
EndProject
Project("{FAE04EC0-301F-11D3-BF4B-00C04F79EFBC}") = "ScaryStories.Helpers", "ScaryStories.Helpers\ScaryStories.Helpers.csproj", "{C734F7C7-6250-4E8D-B4CA-53D695F76BD7}"
EndProject
Project("{2150E333-8FDC-42A3-9474-1A3956D46DE8}") = "Solution Items", "Solution Items", "{C64CCC7B-9F5F-4D99-8154-BDF0727FE98F}"
	ProjectSection(SolutionItems) = preProject
		..\..\..\..\Downloads\ORM_1.0.13029_SRC\Local.testsettings = ..\..\..\..\Downloads\ORM_1.0.13029_SRC\Local.testsettings
		..\..\..\..\Downloads\ORM_1.0.13029_SRC\OpenNETCF.ORM.FFx.vsmdi = ..\..\..\..\Downloads\ORM_1.0.13029_SRC\OpenNETCF.ORM.FFx.vsmdi
		..\..\..\..\Downloads\ORM_1.0.13029_SRC\OpenNETCF.ORM\SqlDateTimeDefault.cs = ..\..\..\..\Downloads\ORM_1.0.13029_SRC\OpenNETCF.ORM\SqlDateTimeDefault.cs
		..\..\..\..\Downloads\ORM_1.0.13029_SRC\TraceAndTestImpact.testsettings = ..\..\..\..\Downloads\ORM_1.0.13029_SRC\TraceAndTestImpact.testsettings
	EndProjectSection
EndProject
Project("{2150E333-8FDC-42A3-9474-1A3956D46DE8}") = "SQLite", "SQLite", "{46B57893-C73E-4F80-B05C-387AB94F65F4}"
EndProject
Project("{2150E333-8FDC-42A3-9474-1A3956D46DE8}") = "ORM Core", "ORM Core", "{94CC8703-9D3D-4F68-9EA0-D24E2D2349E4}"
EndProject
Project("{2150E333-8FDC-42A3-9474-1A3956D46DE8}") = "Dao", "Dao", "{84305253-84C8-42C1-9101-75ADE28B4319}"
EndProject
Project("{FAE04EC0-301F-11D3-BF4B-00C04F79EFBC}") = "OpenNETCF.ORM.WinPhone", "ORM_1.0.13029_SRC\OpenNETCF.ORM\OpenNETCF.ORM.WinPhone.csproj", "{C52EC860-6119-4131-815B-4305DB3BFA95}"
EndProject
Project("{FAE04EC0-301F-11D3-BF4B-00C04F79EFBC}") = "OpenNETCF.ORM.SQLite.WinPhone", "ORM_1.0.13029_SRC\OpenNETCF.ORM.SQLite\OpenNETCF.ORM.SQLite.WinPhone.csproj", "{C6814B71-2825-491A-9066-A989BC3ABFF6}"
EndProject
Project("{FAE04EC0-301F-11D3-BF4B-00C04F79EFBC}") = "Community.CsharpSqlite.SQLiteClient.WP", "csharp-sqlite_3_7_7_1_64\Community.CsharpSqlite.SQLiteClient.WP\Community.CsharpSqlite.SQLiteClient.WP.csproj", "{22E602F9-ADB6-4B94-B980-40EB1E83BE8B}"
EndProject
Project("{FAE04EC0-301F-11D3-BF4B-00C04F79EFBC}") = "Community.CsharpSqlite.WinPhone", "csharp-sqlite_3_7_7_1_64\Community.CsharpSqlite.WinPhone\Community.CsharpSqlite.WinPhone.csproj", "{A1CF8CB2-DB66-4036-AB1F-9D205D5C93E9}"
EndProject
Project("{FAE04EC0-301F-11D3-BF4B-00C04F79EFBC}") = "System.Data.Ersatz.WinPhone", "csharp-sqlite_3_7_7_1_64\System.Data.Ersatz\WinPhone\System.Data.Ersatz.WinPhone.csproj", "{60396C62-02C2-45FE-98BD-4A16E076722B}"
EndProject
Project("{FAE04EC0-301F-11D3-BF4B-00C04F79EFBC}") = "ScaryStories.Services", "ScaryStories.Services\ScaryStories.Services.csproj", "{79AAE72E-F843-49A2-B9A2-995DF90E4CCD}"
EndProject
Project("{FAE04EC0-301F-11D3-BF4B-00C04F79EFBC}") = "Phone.Controls", "Вспомогательные проекты\Phone.Controls\Phone.Controls.csproj", "{71A41463-066F-444A-B774-5FB036C913A0}"
EndProject
Project("{FAE04EC0-301F-11D3-BF4B-00C04F79EFBC}") = "ScaryStories.ViewModel", "ScaryStories.ViewModel\ScaryStories.ViewModel.csproj", "{E504309E-97C7-4ED0-99E6-FCB53F238BED}"
EndProject
Project("{2150E333-8FDC-42A3-9474-1A3956D46DE8}") = "Vk", "Vk", "{80124623-A72D-4E23-9315-3A0F39C0E9ED}"
EndProject
Project("{FAE04EC0-301F-11D3-BF4B-00C04F79EFBC}") = "VkontakteInfrastructure", "..\Примеры\Vkontakte\VkontakteCommonModel\VkontakteInfrastructure.csproj", "{84A5C2A6-37C9-4046-AB4D-91AA64A0E463}"
EndProject
Project("{FAE04EC0-301F-11D3-BF4B-00C04F79EFBC}") = "VkontakteServiceLayer", "..\Примеры\Vkontakte\VkontakteServiceLayer\VkontakteServiceLayer.csproj", "{70AC4FF5-4318-410C-9DD3-BD9B0754364E}"
EndProject
Project("{FAE04EC0-301F-11D3-BF4B-00C04F79EFBC}") = "VkontakteCore", "..\Примеры\Vkontakte\VkontakteCore\VkontakteCore\VkontakteCore.csproj", "{CCD1ECF2-3190-4174-A421-0031B316D01B}"
EndProject
Project("{FAE04EC0-301F-11D3-BF4B-00C04F79EFBC}") = "VkontakteDataLayer", "..\Примеры\Vkontakte\VkontakteDataLayer\VkontakteDataLayer.csproj", "{3F6BFF94-49B6-4D55-999B-8F9E9A7EB8D4}"
EndProject
Global
	GlobalSection(SolutionConfigurationPlatforms) = preSolution
		Debug|Any CPU = Debug|Any CPU
		Debug|ARM = Debug|ARM
		Debug|Mixed Platforms = Debug|Mixed Platforms
		Debug|x86 = Debug|x86
		Release|Any CPU = Release|Any CPU
		Release|ARM = Release|ARM
		Release|Mixed Platforms = Release|Mixed Platforms
		Release|x86 = Release|x86
	EndGlobalSection
	GlobalSection(ProjectConfigurationPlatforms) = postSolution
		{AE451BB1-E2B8-40C5-A693-58EAFE79F5D5}.Debug|Any CPU.ActiveCfg = Debug|Any CPU
		{AE451BB1-E2B8-40C5-A693-58EAFE79F5D5}.Debug|Any CPU.Build.0 = Debug|Any CPU
		{AE451BB1-E2B8-40C5-A693-58EAFE79F5D5}.Debug|Any CPU.Deploy.0 = Debug|Any CPU
		{AE451BB1-E2B8-40C5-A693-58EAFE79F5D5}.Debug|ARM.ActiveCfg = Debug|Any CPU
		{AE451BB1-E2B8-40C5-A693-58EAFE79F5D5}.Debug|Mixed Platforms.ActiveCfg = Debug|Any CPU
		{AE451BB1-E2B8-40C5-A693-58EAFE79F5D5}.Debug|Mixed Platforms.Build.0 = Debug|Any CPU
		{AE451BB1-E2B8-40C5-A693-58EAFE79F5D5}.Debug|Mixed Platforms.Deploy.0 = Debug|Any CPU
		{AE451BB1-E2B8-40C5-A693-58EAFE79F5D5}.Debug|x86.ActiveCfg = Debug|Any CPU
		{AE451BB1-E2B8-40C5-A693-58EAFE79F5D5}.Release|Any CPU.ActiveCfg = Release|Any CPU
		{AE451BB1-E2B8-40C5-A693-58EAFE79F5D5}.Release|Any CPU.Build.0 = Release|Any CPU
		{AE451BB1-E2B8-40C5-A693-58EAFE79F5D5}.Release|Any CPU.Deploy.0 = Release|Any CPU
		{AE451BB1-E2B8-40C5-A693-58EAFE79F5D5}.Release|ARM.ActiveCfg = Release|Any CPU
		{AE451BB1-E2B8-40C5-A693-58EAFE79F5D5}.Release|Mixed Platforms.ActiveCfg = Release|Any CPU
		{AE451BB1-E2B8-40C5-A693-58EAFE79F5D5}.Release|Mixed Platforms.Build.0 = Release|Any CPU
		{AE451BB1-E2B8-40C5-A693-58EAFE79F5D5}.Release|Mixed Platforms.Deploy.0 = Release|Any CPU
		{AE451BB1-E2B8-40C5-A693-58EAFE79F5D5}.Release|x86.ActiveCfg = Release|Any CPU
		{42F15866-4159-47A6-9B37-BB9076CE46E9}.Debug|Any CPU.ActiveCfg = Debug|Any CPU
		{42F15866-4159-47A6-9B37-BB9076CE46E9}.Debug|Any CPU.Build.0 = Debug|Any CPU
		{42F15866-4159-47A6-9B37-BB9076CE46E9}.Debug|ARM.ActiveCfg = Debug|Any CPU
		{42F15866-4159-47A6-9B37-BB9076CE46E9}.Debug|Mixed Platforms.ActiveCfg = Debug|Any CPU
		{42F15866-4159-47A6-9B37-BB9076CE46E9}.Debug|Mixed Platforms.Build.0 = Debug|Any CPU
		{42F15866-4159-47A6-9B37-BB9076CE46E9}.Debug|x86.ActiveCfg = Debug|Any CPU
		{42F15866-4159-47A6-9B37-BB9076CE46E9}.Release|Any CPU.ActiveCfg = Release|Any CPU
		{42F15866-4159-47A6-9B37-BB9076CE46E9}.Release|Any CPU.Build.0 = Release|Any CPU
		{42F15866-4159-47A6-9B37-BB9076CE46E9}.Release|ARM.ActiveCfg = Release|Any CPU
		{42F15866-4159-47A6-9B37-BB9076CE46E9}.Release|Mixed Platforms.ActiveCfg = Release|Any CPU
		{42F15866-4159-47A6-9B37-BB9076CE46E9}.Release|Mixed Platforms.Build.0 = Release|Any CPU
		{42F15866-4159-47A6-9B37-BB9076CE46E9}.Release|x86.ActiveCfg = Release|Any CPU
		{C734F7C7-6250-4E8D-B4CA-53D695F76BD7}.Debug|Any CPU.ActiveCfg = Debug|Any CPU
		{C734F7C7-6250-4E8D-B4CA-53D695F76BD7}.Debug|Any CPU.Build.0 = Debug|Any CPU
		{C734F7C7-6250-4E8D-B4CA-53D695F76BD7}.Debug|ARM.ActiveCfg = Debug|Any CPU
		{C734F7C7-6250-4E8D-B4CA-53D695F76BD7}.Debug|Mixed Platforms.ActiveCfg = Debug|Any CPU
		{C734F7C7-6250-4E8D-B4CA-53D695F76BD7}.Debug|Mixed Platforms.Build.0 = Debug|Any CPU
		{C734F7C7-6250-4E8D-B4CA-53D695F76BD7}.Debug|x86.ActiveCfg = Debug|Any CPU
		{C734F7C7-6250-4E8D-B4CA-53D695F76BD7}.Release|Any CPU.ActiveCfg = Release|Any CPU
		{C734F7C7-6250-4E8D-B4CA-53D695F76BD7}.Release|Any CPU.Build.0 = Release|Any CPU
		{C734F7C7-6250-4E8D-B4CA-53D695F76BD7}.Release|ARM.ActiveCfg = Release|Any CPU
		{C734F7C7-6250-4E8D-B4CA-53D695F76BD7}.Release|Mixed Platforms.ActiveCfg = Release|Any CPU
		{C734F7C7-6250-4E8D-B4CA-53D695F76BD7}.Release|Mixed Platforms.Build.0 = Release|Any CPU
		{C734F7C7-6250-4E8D-B4CA-53D695F76BD7}.Release|x86.ActiveCfg = Release|Any CPU
		{C52EC860-6119-4131-815B-4305DB3BFA95}.Debug|Any CPU.ActiveCfg = Debug|Any CPU
		{C52EC860-6119-4131-815B-4305DB3BFA95}.Debug|Any CPU.Build.0 = Debug|Any CPU
		{C52EC860-6119-4131-815B-4305DB3BFA95}.Debug|ARM.ActiveCfg = Debug|Any CPU
		{C52EC860-6119-4131-815B-4305DB3BFA95}.Debug|Mixed Platforms.ActiveCfg = Debug|Any CPU
		{C52EC860-6119-4131-815B-4305DB3BFA95}.Debug|Mixed Platforms.Build.0 = Debug|Any CPU
		{C52EC860-6119-4131-815B-4305DB3BFA95}.Debug|x86.ActiveCfg = Debug|Any CPU
		{C52EC860-6119-4131-815B-4305DB3BFA95}.Release|Any CPU.ActiveCfg = Release|Any CPU
		{C52EC860-6119-4131-815B-4305DB3BFA95}.Release|Any CPU.Build.0 = Release|Any CPU
		{C52EC860-6119-4131-815B-4305DB3BFA95}.Release|ARM.ActiveCfg = Release|Any CPU
		{C52EC860-6119-4131-815B-4305DB3BFA95}.Release|Mixed Platforms.ActiveCfg = Release|Any CPU
		{C52EC860-6119-4131-815B-4305DB3BFA95}.Release|Mixed Platforms.Build.0 = Release|Any CPU
		{C52EC860-6119-4131-815B-4305DB3BFA95}.Release|x86.ActiveCfg = Release|Any CPU
		{C6814B71-2825-491A-9066-A989BC3ABFF6}.Debug|Any CPU.ActiveCfg = Debug|Any CPU
		{C6814B71-2825-491A-9066-A989BC3ABFF6}.Debug|Any CPU.Build.0 = Debug|Any CPU
		{C6814B71-2825-491A-9066-A989BC3ABFF6}.Debug|ARM.ActiveCfg = Debug|Any CPU
		{C6814B71-2825-491A-9066-A989BC3ABFF6}.Debug|Mixed Platforms.ActiveCfg = Debug|Any CPU
		{C6814B71-2825-491A-9066-A989BC3ABFF6}.Debug|Mixed Platforms.Build.0 = Debug|Any CPU
		{C6814B71-2825-491A-9066-A989BC3ABFF6}.Debug|x86.ActiveCfg = Debug|Any CPU
		{C6814B71-2825-491A-9066-A989BC3ABFF6}.Release|Any CPU.ActiveCfg = Release|Any CPU
		{C6814B71-2825-491A-9066-A989BC3ABFF6}.Release|Any CPU.Build.0 = Release|Any CPU
		{C6814B71-2825-491A-9066-A989BC3ABFF6}.Release|ARM.ActiveCfg = Release|Any CPU
		{C6814B71-2825-491A-9066-A989BC3ABFF6}.Release|Mixed Platforms.ActiveCfg = Release|Any CPU
		{C6814B71-2825-491A-9066-A989BC3ABFF6}.Release|Mixed Platforms.Build.0 = Release|Any CPU
		{C6814B71-2825-491A-9066-A989BC3ABFF6}.Release|x86.ActiveCfg = Release|Any CPU
		{22E602F9-ADB6-4B94-B980-40EB1E83BE8B}.Debug|Any CPU.ActiveCfg = Debug|Any CPU
		{22E602F9-ADB6-4B94-B980-40EB1E83BE8B}.Debug|Any CPU.Build.0 = Debug|Any CPU
		{22E602F9-ADB6-4B94-B980-40EB1E83BE8B}.Debug|ARM.ActiveCfg = Debug|Any CPU
		{22E602F9-ADB6-4B94-B980-40EB1E83BE8B}.Debug|Mixed Platforms.ActiveCfg = Debug|Any CPU
		{22E602F9-ADB6-4B94-B980-40EB1E83BE8B}.Debug|Mixed Platforms.Build.0 = Debug|Any CPU
		{22E602F9-ADB6-4B94-B980-40EB1E83BE8B}.Debug|x86.ActiveCfg = Debug|Any CPU
		{22E602F9-ADB6-4B94-B980-40EB1E83BE8B}.Release|Any CPU.ActiveCfg = Release|Any CPU
		{22E602F9-ADB6-4B94-B980-40EB1E83BE8B}.Release|Any CPU.Build.0 = Release|Any CPU
		{22E602F9-ADB6-4B94-B980-40EB1E83BE8B}.Release|ARM.ActiveCfg = Release|Any CPU
		{22E602F9-ADB6-4B94-B980-40EB1E83BE8B}.Release|Mixed Platforms.ActiveCfg = Release|Any CPU
		{22E602F9-ADB6-4B94-B980-40EB1E83BE8B}.Release|Mixed Platforms.Build.0 = Release|Any CPU
		{22E602F9-ADB6-4B94-B980-40EB1E83BE8B}.Release|x86.ActiveCfg = Release|Any CPU
		{A1CF8CB2-DB66-4036-AB1F-9D205D5C93E9}.Debug|Any CPU.ActiveCfg = Debug|Any CPU
		{A1CF8CB2-DB66-4036-AB1F-9D205D5C93E9}.Debug|Any CPU.Build.0 = Debug|Any CPU
		{A1CF8CB2-DB66-4036-AB1F-9D205D5C93E9}.Debug|ARM.ActiveCfg = Debug|Any CPU
		{A1CF8CB2-DB66-4036-AB1F-9D205D5C93E9}.Debug|Mixed Platforms.ActiveCfg = Debug|Any CPU
		{A1CF8CB2-DB66-4036-AB1F-9D205D5C93E9}.Debug|Mixed Platforms.Build.0 = Debug|Any CPU
		{A1CF8CB2-DB66-4036-AB1F-9D205D5C93E9}.Debug|x86.ActiveCfg = Debug|Any CPU
		{A1CF8CB2-DB66-4036-AB1F-9D205D5C93E9}.Release|Any CPU.ActiveCfg = Release|Any CPU
		{A1CF8CB2-DB66-4036-AB1F-9D205D5C93E9}.Release|Any CPU.Build.0 = Release|Any CPU
		{A1CF8CB2-DB66-4036-AB1F-9D205D5C93E9}.Release|ARM.ActiveCfg = Release|Any CPU
		{A1CF8CB2-DB66-4036-AB1F-9D205D5C93E9}.Release|Mixed Platforms.ActiveCfg = Release|Any CPU
		{A1CF8CB2-DB66-4036-AB1F-9D205D5C93E9}.Release|Mixed Platforms.Build.0 = Release|Any CPU
		{A1CF8CB2-DB66-4036-AB1F-9D205D5C93E9}.Release|x86.ActiveCfg = Release|Any CPU
		{60396C62-02C2-45FE-98BD-4A16E076722B}.Debug|Any CPU.ActiveCfg = Debug|Any CPU
		{60396C62-02C2-45FE-98BD-4A16E076722B}.Debug|Any CPU.Build.0 = Debug|Any CPU
		{60396C62-02C2-45FE-98BD-4A16E076722B}.Debug|ARM.ActiveCfg = Debug|Any CPU
		{60396C62-02C2-45FE-98BD-4A16E076722B}.Debug|Mixed Platforms.ActiveCfg = Debug|Any CPU
		{60396C62-02C2-45FE-98BD-4A16E076722B}.Debug|Mixed Platforms.Build.0 = Debug|Any CPU
		{60396C62-02C2-45FE-98BD-4A16E076722B}.Debug|x86.ActiveCfg = Debug|Any CPU
		{60396C62-02C2-45FE-98BD-4A16E076722B}.Release|Any CPU.ActiveCfg = Release|Any CPU
		{60396C62-02C2-45FE-98BD-4A16E076722B}.Release|Any CPU.Build.0 = Release|Any CPU
		{60396C62-02C2-45FE-98BD-4A16E076722B}.Release|ARM.ActiveCfg = Release|Any CPU
		{60396C62-02C2-45FE-98BD-4A16E076722B}.Release|Mixed Platforms.ActiveCfg = Release|Any CPU
		{60396C62-02C2-45FE-98BD-4A16E076722B}.Release|Mixed Platforms.Build.0 = Release|Any CPU
		{60396C62-02C2-45FE-98BD-4A16E076722B}.Release|x86.ActiveCfg = Release|Any CPU
		{79AAE72E-F843-49A2-B9A2-995DF90E4CCD}.Debug|Any CPU.ActiveCfg = Debug|Any CPU
		{79AAE72E-F843-49A2-B9A2-995DF90E4CCD}.Debug|Any CPU.Build.0 = Debug|Any CPU
		{79AAE72E-F843-49A2-B9A2-995DF90E4CCD}.Debug|ARM.ActiveCfg = Debug|Any CPU
		{79AAE72E-F843-49A2-B9A2-995DF90E4CCD}.Debug|Mixed Platforms.ActiveCfg = Debug|Any CPU
		{79AAE72E-F843-49A2-B9A2-995DF90E4CCD}.Debug|Mixed Platforms.Build.0 = Debug|Any CPU
		{79AAE72E-F843-49A2-B9A2-995DF90E4CCD}.Debug|x86.ActiveCfg = Debug|Any CPU
		{79AAE72E-F843-49A2-B9A2-995DF90E4CCD}.Release|Any CPU.ActiveCfg = Release|Any CPU
		{79AAE72E-F843-49A2-B9A2-995DF90E4CCD}.Release|Any CPU.Build.0 = Release|Any CPU
		{79AAE72E-F843-49A2-B9A2-995DF90E4CCD}.Release|ARM.ActiveCfg = Release|Any CPU
		{79AAE72E-F843-49A2-B9A2-995DF90E4CCD}.Release|Mixed Platforms.ActiveCfg = Release|Any CPU
		{79AAE72E-F843-49A2-B9A2-995DF90E4CCD}.Release|Mixed Platforms.Build.0 = Release|Any CPU
		{79AAE72E-F843-49A2-B9A2-995DF90E4CCD}.Release|x86.ActiveCfg = Release|Any CPU
		{71A41463-066F-444A-B774-5FB036C913A0}.Debug|Any CPU.ActiveCfg = Debug|Any CPU
		{71A41463-066F-444A-B774-5FB036C913A0}.Debug|Any CPU.Build.0 = Debug|Any CPU
		{71A41463-066F-444A-B774-5FB036C913A0}.Debug|ARM.ActiveCfg = Debug|Any CPU
		{71A41463-066F-444A-B774-5FB036C913A0}.Debug|Mixed Platforms.ActiveCfg = Debug|Any CPU
		{71A41463-066F-444A-B774-5FB036C913A0}.Debug|Mixed Platforms.Build.0 = Debug|Any CPU
		{71A41463-066F-444A-B774-5FB036C913A0}.Debug|x86.ActiveCfg = Debug|Any CPU
		{71A41463-066F-444A-B774-5FB036C913A0}.Release|Any CPU.ActiveCfg = Release|Any CPU
		{71A41463-066F-444A-B774-5FB036C913A0}.Release|Any CPU.Build.0 = Release|Any CPU
		{71A41463-066F-444A-B774-5FB036C913A0}.Release|ARM.ActiveCfg = Release|Any CPU
		{71A41463-066F-444A-B774-5FB036C913A0}.Release|Mixed Platforms.ActiveCfg = Release|Any CPU
		{71A41463-066F-444A-B774-5FB036C913A0}.Release|Mixed Platforms.Build.0 = Release|Any CPU
		{71A41463-066F-444A-B774-5FB036C913A0}.Release|x86.ActiveCfg = Release|Any CPU
		{E504309E-97C7-4ED0-99E6-FCB53F238BED}.Debug|Any CPU.ActiveCfg = Debug|Any CPU
		{E504309E-97C7-4ED0-99E6-FCB53F238BED}.Debug|Any CPU.Build.0 = Debug|Any CPU
		{E504309E-97C7-4ED0-99E6-FCB53F238BED}.Debug|ARM.ActiveCfg = Debug|Any CPU
		{E504309E-97C7-4ED0-99E6-FCB53F238BED}.Debug|Mixed Platforms.ActiveCfg = Debug|Any CPU
		{E504309E-97C7-4ED0-99E6-FCB53F238BED}.Debug|Mixed Platforms.Build.0 = Debug|Any CPU
		{E504309E-97C7-4ED0-99E6-FCB53F238BED}.Debug|x86.ActiveCfg = Debug|Any CPU
		{E504309E-97C7-4ED0-99E6-FCB53F238BED}.Release|Any CPU.ActiveCfg = Release|Any CPU
		{E504309E-97C7-4ED0-99E6-FCB53F238BED}.Release|Any CPU.Build.0 = Release|Any CPU
		{E504309E-97C7-4ED0-99E6-FCB53F238BED}.Release|ARM.ActiveCfg = Release|Any CPU
		{E504309E-97C7-4ED0-99E6-FCB53F238BED}.Release|Mixed Platforms.ActiveCfg = Release|Any CPU
		{E504309E-97C7-4ED0-99E6-FCB53F238BED}.Release|Mixed Platforms.Build.0 = Release|Any CPU
		{E504309E-97C7-4ED0-99E6-FCB53F238BED}.Release|x86.ActiveCfg = Release|Any CPU
		{84A5C2A6-37C9-4046-AB4D-91AA64A0E463}.Debug|Any CPU.ActiveCfg = Debug|Any CPU
		{84A5C2A6-37C9-4046-AB4D-91AA64A0E463}.Debug|Any CPU.Build.0 = Debug|Any CPU
		{84A5C2A6-37C9-4046-AB4D-91AA64A0E463}.Debug|ARM.ActiveCfg = Debug|Any CPU
		{84A5C2A6-37C9-4046-AB4D-91AA64A0E463}.Debug|Mixed Platforms.ActiveCfg = Debug|Any CPU
		{84A5C2A6-37C9-4046-AB4D-91AA64A0E463}.Debug|Mixed Platforms.Build.0 = Debug|Any CPU
		{84A5C2A6-37C9-4046-AB4D-91AA64A0E463}.Debug|x86.ActiveCfg = Debug|Any CPU
		{84A5C2A6-37C9-4046-AB4D-91AA64A0E463}.Release|Any CPU.ActiveCfg = Release|Any CPU
		{84A5C2A6-37C9-4046-AB4D-91AA64A0E463}.Release|Any CPU.Build.0 = Release|Any CPU
		{84A5C2A6-37C9-4046-AB4D-91AA64A0E463}.Release|ARM.ActiveCfg = Release|Any CPU
		{84A5C2A6-37C9-4046-AB4D-91AA64A0E463}.Release|Mixed Platforms.ActiveCfg = Release|Any CPU
		{84A5C2A6-37C9-4046-AB4D-91AA64A0E463}.Release|Mixed Platforms.Build.0 = Release|Any CPU
		{84A5C2A6-37C9-4046-AB4D-91AA64A0E463}.Release|x86.ActiveCfg = Release|Any CPU
		{70AC4FF5-4318-410C-9DD3-BD9B0754364E}.Debug|Any CPU.ActiveCfg = Debug|Any CPU
		{70AC4FF5-4318-410C-9DD3-BD9B0754364E}.Debug|Any CPU.Build.0 = Debug|Any CPU
		{70AC4FF5-4318-410C-9DD3-BD9B0754364E}.Debug|ARM.ActiveCfg = Debug|Any CPU
		{70AC4FF5-4318-410C-9DD3-BD9B0754364E}.Debug|Mixed Platforms.ActiveCfg = Debug|Any CPU
		{70AC4FF5-4318-410C-9DD3-BD9B0754364E}.Debug|Mixed Platforms.Build.0 = Debug|Any CPU
		{70AC4FF5-4318-410C-9DD3-BD9B0754364E}.Debug|x86.ActiveCfg = Debug|Any CPU
		{70AC4FF5-4318-410C-9DD3-BD9B0754364E}.Release|Any CPU.ActiveCfg = Release|Any CPU
		{70AC4FF5-4318-410C-9DD3-BD9B0754364E}.Release|Any CPU.Build.0 = Release|Any CPU
		{70AC4FF5-4318-410C-9DD3-BD9B0754364E}.Release|ARM.ActiveCfg = Release|Any CPU
		{70AC4FF5-4318-410C-9DD3-BD9B0754364E}.Release|Mixed Platforms.ActiveCfg = Release|Any CPU
		{70AC4FF5-4318-410C-9DD3-BD9B0754364E}.Release|Mixed Platforms.Build.0 = Release|Any CPU
		{70AC4FF5-4318-410C-9DD3-BD9B0754364E}.Release|x86.ActiveCfg = Release|Any CPU
		{CCD1ECF2-3190-4174-A421-0031B316D01B}.Debug|Any CPU.ActiveCfg = Debug|Any CPU
		{CCD1ECF2-3190-4174-A421-0031B316D01B}.Debug|Any CPU.Build.0 = Debug|Any CPU
		{CCD1ECF2-3190-4174-A421-0031B316D01B}.Debug|ARM.ActiveCfg = Debug|Any CPU
		{CCD1ECF2-3190-4174-A421-0031B316D01B}.Debug|Mixed Platforms.ActiveCfg = Debug|Any CPU
		{CCD1ECF2-3190-4174-A421-0031B316D01B}.Debug|Mixed Platforms.Build.0 = Debug|Any CPU
		{CCD1ECF2-3190-4174-A421-0031B316D01B}.Debug|x86.ActiveCfg = Debug|Any CPU
		{CCD1ECF2-3190-4174-A421-0031B316D01B}.Release|Any CPU.ActiveCfg = Release|Any CPU
		{CCD1ECF2-3190-4174-A421-0031B316D01B}.Release|Any CPU.Build.0 = Release|Any CPU
		{CCD1ECF2-3190-4174-A421-0031B316D01B}.Release|ARM.ActiveCfg = Release|Any CPU
		{CCD1ECF2-3190-4174-A421-0031B316D01B}.Release|Mixed Platforms.ActiveCfg = Release|Any CPU
		{CCD1ECF2-3190-4174-A421-0031B316D01B}.Release|Mixed Platforms.Build.0 = Release|Any CPU
		{CCD1ECF2-3190-4174-A421-0031B316D01B}.Release|x86.ActiveCfg = Release|Any CPU
		{3F6BFF94-49B6-4D55-999B-8F9E9A7EB8D4}.Debug|Any CPU.ActiveCfg = Debug|Any CPU
		{3F6BFF94-49B6-4D55-999B-8F9E9A7EB8D4}.Debug|Any CPU.Build.0 = Debug|Any CPU
		{3F6BFF94-49B6-4D55-999B-8F9E9A7EB8D4}.Debug|ARM.ActiveCfg = Debug|Any CPU
		{3F6BFF94-49B6-4D55-999B-8F9E9A7EB8D4}.Debug|Mixed Platforms.ActiveCfg = Debug|Any CPU
		{3F6BFF94-49B6-4D55-999B-8F9E9A7EB8D4}.Debug|Mixed Platforms.Build.0 = Debug|Any CPU
		{3F6BFF94-49B6-4D55-999B-8F9E9A7EB8D4}.Debug|x86.ActiveCfg = Debug|Any CPU
		{3F6BFF94-49B6-4D55-999B-8F9E9A7EB8D4}.Release|Any CPU.ActiveCfg = Release|Any CPU
		{3F6BFF94-49B6-4D55-999B-8F9E9A7EB8D4}.Release|Any CPU.Build.0 = Release|Any CPU
		{3F6BFF94-49B6-4D55-999B-8F9E9A7EB8D4}.Release|ARM.ActiveCfg = Release|Any CPU
		{3F6BFF94-49B6-4D55-999B-8F9E9A7EB8D4}.Release|Mixed Platforms.ActiveCfg = Release|Any CPU
		{3F6BFF94-49B6-4D55-999B-8F9E9A7EB8D4}.Release|Mixed Platforms.Build.0 = Release|Any CPU
		{3F6BFF94-49B6-4D55-999B-8F9E9A7EB8D4}.Release|x86.ActiveCfg = Release|Any CPU
	EndGlobalSection
	GlobalSection(SolutionProperties) = preSolution
		HideSolutionNode = FALSE
	EndGlobalSection
	GlobalSection(NestedProjects) = preSolution
		{46B57893-C73E-4F80-B05C-387AB94F65F4} = {84305253-84C8-42C1-9101-75ADE28B4319}
		{94CC8703-9D3D-4F68-9EA0-D24E2D2349E4} = {84305253-84C8-42C1-9101-75ADE28B4319}
		{C64CCC7B-9F5F-4D99-8154-BDF0727FE98F} = {84305253-84C8-42C1-9101-75ADE28B4319}
		{22E602F9-ADB6-4B94-B980-40EB1E83BE8B} = {84305253-84C8-42C1-9101-75ADE28B4319}
		{A1CF8CB2-DB66-4036-AB1F-9D205D5C93E9} = {84305253-84C8-42C1-9101-75ADE28B4319}
		{60396C62-02C2-45FE-98BD-4A16E076722B} = {84305253-84C8-42C1-9101-75ADE28B4319}
		{C6814B71-2825-491A-9066-A989BC3ABFF6} = {46B57893-C73E-4F80-B05C-387AB94F65F4}
		{C52EC860-6119-4131-815B-4305DB3BFA95} = {94CC8703-9D3D-4F68-9EA0-D24E2D2349E4}
		{84A5C2A6-37C9-4046-AB4D-91AA64A0E463} = {80124623-A72D-4E23-9315-3A0F39C0E9ED}
		{70AC4FF5-4318-410C-9DD3-BD9B0754364E} = {80124623-A72D-4E23-9315-3A0F39C0E9ED}
		{CCD1ECF2-3190-4174-A421-0031B316D01B} = {80124623-A72D-4E23-9315-3A0F39C0E9ED}
		{3F6BFF94-49B6-4D55-999B-8F9E9A7EB8D4} = {80124623-A72D-4E23-9315-3A0F39C0E9ED}
	EndGlobalSection
	GlobalSection(MonoDevelopProperties) = preSolution
		StartupItem = tests\SQLite.Tests.csproj
	EndGlobalSection
EndGlobal
